
Microsoft Visual Studio Solution File, Format Version 12.00
Project("{FAE04EC0-301F-11D3-BF4B-00C04F79EFBC}") = "Ddd.Template.Host", "Ddd.Template.Host\Ddd.Template.Host.csproj", "{0A40AC61-B5A5-4D3D-A002-77490510B318}"
EndProject
Project("{2150E333-8FDC-42A3-9474-1A3956D46DE8}") = "Api", "Api", "{EE450EE9-B306-4B64-8953-70A85AECEAA9}"
EndProject
Project("{FAE04EC0-301F-11D3-BF4B-00C04F79EFBC}") = "Ddd.Template.Api.Rest", "Ddd.Template.Api.Rest\Ddd.Template.Api.Rest.csproj", "{30CFF325-C4F0-4B29-951F-DB88ADCBC14D}"
EndProject
Project("{2150E333-8FDC-42A3-9474-1A3956D46DE8}") = "Tests", "Tests", "{611C5CF3-AE81-4DF7-9746-70CB0EA6EE57}"
EndProject
Project("{FAE04EC0-301F-11D3-BF4B-00C04F79EFBC}") = "Ddd.Template.Api.Rest.Tests", "Ddd.Template.Api.Rest.Tests\Ddd.Template.Api.Rest.Tests.csproj", "{89011816-D6E3-4C97-81F5-314EB2D5FAAD}"
EndProject
Project("{2150E333-8FDC-42A3-9474-1A3956D46DE8}") = "Application", "Application", "{38AF1A55-1AE2-47EC-9232-0176B52F38C7}"
EndProject
Project("{FAE04EC0-301F-11D3-BF4B-00C04F79EFBC}") = "Ddd.Template.Application", "Ddd.Template.Application\Ddd.Template.Application.csproj", "{186CF679-D94F-47D7-8D07-437B7634F397}"
EndProject
Project("{FAE04EC0-301F-11D3-BF4B-00C04F79EFBC}") = "Ddd.Template.Application.Tests", "Ddd.Template.Application.Tests\Ddd.Template.Application.Tests.csproj", "{053142FC-258C-42D4-9C20-92B30E52B2C9}"
EndProject
Project("{2150E333-8FDC-42A3-9474-1A3956D46DE8}") = "Domain", "Domain", "{26EB818E-78CB-48B9-9499-50B53C8C7842}"
EndProject
Project("{FAE04EC0-301F-11D3-BF4B-00C04F79EFBC}") = "Ddd.Template.Domain", "Ddd.Template.Domain\Ddd.Template.Domain.csproj", "{764AA230-B2F9-45C8-8019-BE8F76D14038}"
EndProject
Project("{FAE04EC0-301F-11D3-BF4B-00C04F79EFBC}") = "Ddd.Template.Domain.Tests", "Ddd.Template.Domain.Tests\Ddd.Template.Domain.Tests.csproj", "{8E3FC574-AC11-4696-A091-70EC80541CF4}"
EndProject
Project("{2150E333-8FDC-42A3-9474-1A3956D46DE8}") = "Infrastructure", "Infrastructure", "{47C4507F-29FA-496E-B4F5-AAA167CEF043}"
EndProject
Project("{FAE04EC0-301F-11D3-BF4B-00C04F79EFBC}") = "Ddd.Template.Infrastructure", "Ddd.Template.Infrastructure\Ddd.Template.Infrastructure.csproj", "{3945D379-E576-4072-B881-7A806496FBFD}"
EndProject
Project("{FAE04EC0-301F-11D3-BF4B-00C04F79EFBC}") = "Ddd.Template.Infrastructure.Tests", "Ddd.Template.Infrastructure.Tests\Ddd.Template.Infrastructure.Tests.csproj", "{CD53A703-4F96-46F7-B7DF-B5E32BAB2119}"
EndProject
Project("{FAE04EC0-301F-11D3-BF4B-00C04F79EFBC}") = "Ddd.Template.Persistence", "Ddd.Template.Persistence\Ddd.Template.Persistence.csproj", "{51AF971E-8D00-4775-A6CD-3E7C50936701}"
EndProject
Project("{FAE04EC0-301F-11D3-BF4B-00C04F79EFBC}") = "Ddd.Template.Persistence.Test", "Ddd.Template.Persistence.Test\Ddd.Template.Persistence.Test.csproj", "{896F529A-A7BA-4D80-891B-49AD32F8B636}"
EndProject
Global
	GlobalSection(SolutionConfigurationPlatforms) = preSolution
		Debug|Any CPU = Debug|Any CPU
		Release|Any CPU = Release|Any CPU
	EndGlobalSection
	GlobalSection(ProjectConfigurationPlatforms) = postSolution
		{0A40AC61-B5A5-4D3D-A002-77490510B318}.Debug|Any CPU.ActiveCfg = Debug|Any CPU
		{0A40AC61-B5A5-4D3D-A002-77490510B318}.Debug|Any CPU.Build.0 = Debug|Any CPU
		{0A40AC61-B5A5-4D3D-A002-77490510B318}.Release|Any CPU.ActiveCfg = Release|Any CPU
		{0A40AC61-B5A5-4D3D-A002-77490510B318}.Release|Any CPU.Build.0 = Release|Any CPU
		{30CFF325-C4F0-4B29-951F-DB88ADCBC14D}.Debug|Any CPU.ActiveCfg = Debug|Any CPU
		{30CFF325-C4F0-4B29-951F-DB88ADCBC14D}.Debug|Any CPU.Build.0 = Debug|Any CPU
		{30CFF325-C4F0-4B29-951F-DB88ADCBC14D}.Release|Any CPU.ActiveCfg = Release|Any CPU
		{30CFF325-C4F0-4B29-951F-DB88ADCBC14D}.Release|Any CPU.Build.0 = Release|Any CPU
		{89011816-D6E3-4C97-81F5-314EB2D5FAAD}.Debug|Any CPU.ActiveCfg = Debug|Any CPU
		{89011816-D6E3-4C97-81F5-314EB2D5FAAD}.Debug|Any CPU.Build.0 = Debug|Any CPU
		{89011816-D6E3-4C97-81F5-314EB2D5FAAD}.Release|Any CPU.ActiveCfg = Release|Any CPU
		{89011816-D6E3-4C97-81F5-314EB2D5FAAD}.Release|Any CPU.Build.0 = Release|Any CPU
		{186CF679-D94F-47D7-8D07-437B7634F397}.Debug|Any CPU.ActiveCfg = Debug|Any CPU
		{186CF679-D94F-47D7-8D07-437B7634F397}.Debug|Any CPU.Build.0 = Debug|Any CPU
		{186CF679-D94F-47D7-8D07-437B7634F397}.Release|Any CPU.ActiveCfg = Release|Any CPU
		{186CF679-D94F-47D7-8D07-437B7634F397}.Release|Any CPU.Build.0 = Release|Any CPU
		{053142FC-258C-42D4-9C20-92B30E52B2C9}.Debug|Any CPU.ActiveCfg = Debug|Any CPU
		{053142FC-258C-42D4-9C20-92B30E52B2C9}.Debug|Any CPU.Build.0 = Debug|Any CPU
		{053142FC-258C-42D4-9C20-92B30E52B2C9}.Release|Any CPU.ActiveCfg = Release|Any CPU
		{053142FC-258C-42D4-9C20-92B30E52B2C9}.Release|Any CPU.Build.0 = Release|Any CPU
		{764AA230-B2F9-45C8-8019-BE8F76D14038}.Debug|Any CPU.ActiveCfg = Debug|Any CPU
		{764AA230-B2F9-45C8-8019-BE8F76D14038}.Debug|Any CPU.Build.0 = Debug|Any CPU
		{764AA230-B2F9-45C8-8019-BE8F76D14038}.Release|Any CPU.ActiveCfg = Release|Any CPU
		{764AA230-B2F9-45C8-8019-BE8F76D14038}.Release|Any CPU.Build.0 = Release|Any CPU
		{8E3FC574-AC11-4696-A091-70EC80541CF4}.Debug|Any CPU.ActiveCfg = Debug|Any CPU
		{8E3FC574-AC11-4696-A091-70EC80541CF4}.Debug|Any CPU.Build.0 = Debug|Any CPU
		{8E3FC574-AC11-4696-A091-70EC80541CF4}.Release|Any CPU.ActiveCfg = Release|Any CPU
		{8E3FC574-AC11-4696-A091-70EC80541CF4}.Release|Any CPU.Build.0 = Release|Any CPU
		{3945D379-E576-4072-B881-7A806496FBFD}.Debug|Any CPU.ActiveCfg = Debug|Any CPU
		{3945D379-E576-4072-B881-7A806496FBFD}.Debug|Any CPU.Build.0 = Debug|Any CPU
		{3945D379-E576-4072-B881-7A806496FBFD}.Release|Any CPU.ActiveCfg = Release|Any CPU
		{3945D379-E576-4072-B881-7A806496FBFD}.Release|Any CPU.Build.0 = Release|Any CPU
		{CD53A703-4F96-46F7-B7DF-B5E32BAB2119}.Debug|Any CPU.ActiveCfg = Debug|Any CPU
		{CD53A703-4F96-46F7-B7DF-B5E32BAB2119}.Debug|Any CPU.Build.0 = Debug|Any CPU
		{CD53A703-4F96-46F7-B7DF-B5E32BAB2119}.Release|Any CPU.ActiveCfg = Release|Any CPU
		{CD53A703-4F96-46F7-B7DF-B5E32BAB2119}.Release|Any CPU.Build.0 = Release|Any CPU
		{51AF971E-8D00-4775-A6CD-3E7C50936701}.Debug|Any CPU.ActiveCfg = Debug|Any CPU
		{51AF971E-8D00-4775-A6CD-3E7C50936701}.Debug|Any CPU.Build.0 = Debug|Any CPU
		{51AF971E-8D00-4775-A6CD-3E7C50936701}.Release|Any CPU.ActiveCfg = Release|Any CPU
		{51AF971E-8D00-4775-A6CD-3E7C50936701}.Release|Any CPU.Build.0 = Release|Any CPU
		{896F529A-A7BA-4D80-891B-49AD32F8B636}.Debug|Any CPU.ActiveCfg = Debug|Any CPU
		{896F529A-A7BA-4D80-891B-49AD32F8B636}.Debug|Any CPU.Build.0 = Debug|Any CPU
		{896F529A-A7BA-4D80-891B-49AD32F8B636}.Release|Any CPU.ActiveCfg = Release|Any CPU
		{896F529A-A7BA-4D80-891B-49AD32F8B636}.Release|Any CPU.Build.0 = Release|Any CPU
	EndGlobalSection
	GlobalSection(NestedProjects) = preSolution
		{0A40AC61-B5A5-4D3D-A002-77490510B318} = {EE450EE9-B306-4B64-8953-70A85AECEAA9}
		{30CFF325-C4F0-4B29-951F-DB88ADCBC14D} = {EE450EE9-B306-4B64-8953-70A85AECEAA9}
		{89011816-D6E3-4C97-81F5-314EB2D5FAAD} = {611C5CF3-AE81-4DF7-9746-70CB0EA6EE57}
		{186CF679-D94F-47D7-8D07-437B7634F397} = {38AF1A55-1AE2-47EC-9232-0176B52F38C7}
		{053142FC-258C-42D4-9C20-92B30E52B2C9} = {611C5CF3-AE81-4DF7-9746-70CB0EA6EE57}
		{764AA230-B2F9-45C8-8019-BE8F76D14038} = {26EB818E-78CB-48B9-9499-50B53C8C7842}
		{8E3FC574-AC11-4696-A091-70EC80541CF4} = {611C5CF3-AE81-4DF7-9746-70CB0EA6EE57}
		{3945D379-E576-4072-B881-7A806496FBFD} = {47C4507F-29FA-496E-B4F5-AAA167CEF043}
		{CD53A703-4F96-46F7-B7DF-B5E32BAB2119} = {611C5CF3-AE81-4DF7-9746-70CB0EA6EE57}
		{51AF971E-8D00-4775-A6CD-3E7C50936701} = {47C4507F-29FA-496E-B4F5-AAA167CEF043}
		{896F529A-A7BA-4D80-891B-49AD32F8B636} = {611C5CF3-AE81-4DF7-9746-70CB0EA6EE57}
	EndGlobalSection
EndGlobal
